
Microsoft Visual Studio Solution File, Format Version 12.00
# Visual Studio Version 17
VisualStudioVersion = 17.10.34916.146
MinimumVisualStudioVersion = 10.0.40219.1
Project("{9A19103F-16F7-4668-BE54-9A1E7A4F7556}") = "Task Mangement", "Task Mangement\Task Mangement.csproj", "{398467ED-824C-4732-8CD9-43A026C5C979}"
EndProject
Project("{FAE04EC0-301F-11D3-BF4B-00C04F79EFBC}") = "TaskManagementV1", "TaskManagementV1\TaskManagementV1.csproj", "{E5D0A402-4C56-4996-B2F9-12801345A168}"
EndProject
Global
	GlobalSection(SolutionConfigurationPlatforms) = preSolution
		Debug|Any CPU = Debug|Any CPU
		Release|Any CPU = Release|Any CPU
	EndGlobalSection
	GlobalSection(ProjectConfigurationPlatforms) = postSolution
		{398467ED-824C-4732-8CD9-43A026C5C979}.Debug|Any CPU.ActiveCfg = Debug|Any CPU
		{398467ED-824C-4732-8CD9-43A026C5C979}.Debug|Any CPU.Build.0 = Debug|Any CPU
		{398467ED-824C-4732-8CD9-43A026C5C979}.Release|Any CPU.ActiveCfg = Release|Any CPU
		{398467ED-824C-4732-8CD9-43A026C5C979}.Release|Any CPU.Build.0 = Release|Any CPU
		{E5D0A402-4C56-4996-B2F9-12801345A168}.Debug|Any CPU.ActiveCfg = Debug|Any CPU
		{E5D0A402-4C56-4996-B2F9-12801345A168}.Debug|Any CPU.Build.0 = Debug|Any CPU
		{E5D0A402-4C56-4996-B2F9-12801345A168}.Release|Any CPU.ActiveCfg = Release|Any CPU
		{E5D0A402-4C56-4996-B2F9-12801345A168}.Release|Any CPU.Build.0 = Release|Any CPU
	EndGlobalSection
	GlobalSection(SolutionProperties) = preSolution
		HideSolutionNode = FALSE
	EndGlobalSection
	GlobalSection(ExtensibilityGlobals) = postSolution
		SolutionGuid = {E012867B-F4AB-4BC3-AAE4-2E6CAB2F0A44}
	EndGlobalSection
EndGlobal
